
Microsoft Visual Studio Solution File, Format Version 11.00
# Visual Studio 2010
Project("{8BC9CEB8-8B4A-11D0-8D11-00A0C91BC942}") = "pg03", "pg03\pg03.vcxproj", "{F5DC96D2-32BD-4E58-8281-7B774E184A7E}"
EndProject
Global
	GlobalSection(SolutionConfigurationPlatforms) = preSolution
		Debug|Win32 = Debug|Win32
		Release|Win32 = Release|Win32
	EndGlobalSection
	GlobalSection(ProjectConfigurationPlatforms) = postSolution
		{F5DC96D2-32BD-4E58-8281-7B774E184A7E}.Debug|Win32.ActiveCfg = Debug|Win32
		{F5DC96D2-32BD-4E58-8281-7B774E184A7E}.Debug|Win32.Build.0 = Debug|Win32
		{F5DC96D2-32BD-4E58-8281-7B774E184A7E}.Release|Win32.ActiveCfg = Release|Win32
		{F5DC96D2-32BD-4E58-8281-7B774E184A7E}.Release|Win32.Build.0 = Release|Win32
	EndGlobalSection
	GlobalSection(SolutionProperties) = preSolution
		HideSolutionNode = FALSE
	EndGlobalSection
EndGlobal
