
Microsoft Visual Studio Solution File, Format Version 11.00
# Visual Studio 2010
Project("{8BC9CEB8-8B4A-11D0-8D11-00A0C91BC942}") = "pg08", "pg08\pg08.vcxproj", "{B67AAE09-9A64-4BB0-AA53-EE849AFA1366}"
EndProject
Global
	GlobalSection(SolutionConfigurationPlatforms) = preSolution
		Debug|Win32 = Debug|Win32
		Release|Win32 = Release|Win32
	EndGlobalSection
	GlobalSection(ProjectConfigurationPlatforms) = postSolution
		{B67AAE09-9A64-4BB0-AA53-EE849AFA1366}.Debug|Win32.ActiveCfg = Debug|Win32
		{B67AAE09-9A64-4BB0-AA53-EE849AFA1366}.Debug|Win32.Build.0 = Debug|Win32
		{B67AAE09-9A64-4BB0-AA53-EE849AFA1366}.Release|Win32.ActiveCfg = Release|Win32
		{B67AAE09-9A64-4BB0-AA53-EE849AFA1366}.Release|Win32.Build.0 = Release|Win32
	EndGlobalSection
	GlobalSection(SolutionProperties) = preSolution
		HideSolutionNode = FALSE
	EndGlobalSection
EndGlobal
