
Microsoft Visual Studio Solution File, Format Version 11.00
# Visual Studio 2010
Project("{8BC9CEB8-8B4A-11D0-8D11-00A0C91BC942}") = "Pro01_1_RunTime", "Pro01_1_RunTime\Pro01_1_RunTime.vcxproj", "{295CAD23-CB46-4B8E-BBBA-8290A68FD9F2}"
EndProject
Project("{8BC9CEB8-8B4A-11D0-8D11-00A0C91BC942}") = "Pro01_2_TimeComplexity", "Pro01_2_TimeComplexity\Pro01_2_TimeComplexity.vcxproj", "{A37380F9-61E0-4EB0-AC6C-55234870DE35}"
EndProject
Project("{8BC9CEB8-8B4A-11D0-8D11-00A0C91BC942}") = "Pro02_1_Polynomial", "Pro02_1_Polynomial\Pro02_1_Polynomial.vcxproj", "{D2D0823A-F1F5-4C6C-B10D-4D9CD50A5B86}"
EndProject
Project("{8BC9CEB8-8B4A-11D0-8D11-00A0C91BC942}") = "Pro03_1_CheckMatching", "Pro03_1_CheckMatching\Pro03_1_CheckMatching.vcxproj", "{2409232F-4CF1-43A4-A2E4-7E940B0CA07F}"
EndProject
Project("{8BC9CEB8-8B4A-11D0-8D11-00A0C91BC942}") = "Pro04_1_Calculator", "Pro04_1_Calculator\Pro04_1_Calculator.vcxproj", "{24194D81-ABB5-4621-9971-C84F26EAEB4E}"
EndProject
Project("{8BC9CEB8-8B4A-11D0-8D11-00A0C91BC942}") = "Pro05_2_CircularDeque", "Pro05_2_CircularDeque\Pro05_2_CircularDeque.vcxproj", "{50B3C5F0-BC21-4874-8836-3FD28B746784}"
EndProject
Project("{8BC9CEB8-8B4A-11D0-8D11-00A0C91BC942}") = "Pro05_3_DFSMaze", "Pro05_3_DFSMaze\Pro05_3_DFSMaze.vcxproj", "{76C96D50-078A-4B63-843C-23A8F4E191E4}"
EndProject
Project("{8BC9CEB8-8B4A-11D0-8D11-00A0C91BC942}") = "Pro05_4_BFSMaze", "Pro05_4_BFSMaze\Pro05_4_BFSMaze.vcxproj", "{4F4BEE0F-C2FA-4DA6-A053-377A9C66D158}"
EndProject
Project("{8BC9CEB8-8B4A-11D0-8D11-00A0C91BC942}") = "Pro05_1_CircularQueue", "Pro05_1_CircularQueue\Pro05_1_CircularQueue.vcxproj", "{D38CAF49-7623-4DD6-AF38-717C3994B03B}"
EndProject
Project("{8BC9CEB8-8B4A-11D0-8D11-00A0C91BC942}") = "Pro06_1_Maze", "Pro06_1_Maze\Pro06_1_Maze.vcxproj", "{89DF9110-27CB-4AB5-9F87-94F1DE233486}"
EndProject
Project("{8BC9CEB8-8B4A-11D0-8D11-00A0C91BC942}") = "Pro06_2_BFSMaze", "Pro06_2_BFSMaze\Pro06_2_BFSMaze.vcxproj", "{5EB26BED-C930-439F-B747-138806FE6D60}"
EndProject
Project("{8BC9CEB8-8B4A-11D0-8D11-00A0C91BC942}") = "Pro07_1_List", "Pro07_1_List\Pro07_1_List.vcxproj", "{5F941AC0-9B31-43C9-AEF7-591533DBC89C}"
EndProject
Project("{8BC9CEB8-8B4A-11D0-8D11-00A0C91BC942}") = "Pro07_2_HeadPointerList", "Pro07_2_HeadPointerList\Pro07_2_HeadPointerList.vcxproj", "{727155EB-A46B-4ADD-82AA-6AC150377300}"
EndProject
Project("{8BC9CEB8-8B4A-11D0-8D11-00A0C91BC942}") = "Pro08_1_DblLinkedList", "Pro08_1_DblLinkedList\Pro08_1_DblLinkedList.vcxproj", "{CA644D23-BB1D-4AD6-948E-0AE9DEA3472E}"
EndProject
Project("{8BC9CEB8-8B4A-11D0-8D11-00A0C91BC942}") = "Pro08_2_LineEditor", "Pro08_2_LineEditor\Pro08_2_LineEditor.vcxproj", "{B5C10630-939C-4E6D-9AD6-349C6EDAF155}"
EndProject
Project("{8BC9CEB8-8B4A-11D0-8D11-00A0C91BC942}") = "Pro09_1_1_Factorial", "Pro09_1_1_Factorial\Pro09_1_1_Factorial.vcxproj", "{137553DA-64C3-4DE0-B7B5-54D5771AD64D}"
EndProject
Project("{8BC9CEB8-8B4A-11D0-8D11-00A0C91BC942}") = "Pro09_1_2_Power", "Pro09_1_2_Power\Pro09_1_2_Power.vcxproj", "{01B7F5CF-0894-4361-8CE7-E8B432EB23CA}"
EndProject
Project("{8BC9CEB8-8B4A-11D0-8D11-00A0C91BC942}") = "Pro09_1_3_Fibo", "Pro09_1_3_Fibo\Pro09_1_3_Fibo.vcxproj", "{6DAB04A6-0DC3-4B46-85A5-6FC1259F2ADA}"
EndProject
Project("{8BC9CEB8-8B4A-11D0-8D11-00A0C91BC942}") = "Pro09_2_HanoiTower", "Pro09_2_HanoiTower\Pro09_2_HanoiTower.vcxproj", "{3C1FEBCB-DB77-46E0-91C0-061D7699DCAE}"
EndProject
Project("{8BC9CEB8-8B4A-11D0-8D11-00A0C91BC942}") = "Pro09_3_ConnectedComponent", "Pro09_3_ConnectedComponent\Pro09_3_ConnectedComponent.vcxproj", "{C7E6E5F4-EA00-4939-87AE-835485EFC095}"
EndProject
Project("{8BC9CEB8-8B4A-11D0-8D11-00A0C91BC942}") = "Pro09_1_RecurNIter", "Pro09_1_RecurNIter\Pro09_1_RecurNIter.vcxproj", "{52B04F58-5083-4CD7-B46A-31DD05099743}"
EndProject
Global
	GlobalSection(SolutionConfigurationPlatforms) = preSolution
		Debug|Win32 = Debug|Win32
		Release|Win32 = Release|Win32
	EndGlobalSection
	GlobalSection(ProjectConfigurationPlatforms) = postSolution
		{295CAD23-CB46-4B8E-BBBA-8290A68FD9F2}.Debug|Win32.ActiveCfg = Debug|Win32
		{295CAD23-CB46-4B8E-BBBA-8290A68FD9F2}.Debug|Win32.Build.0 = Debug|Win32
		{295CAD23-CB46-4B8E-BBBA-8290A68FD9F2}.Release|Win32.ActiveCfg = Release|Win32
		{295CAD23-CB46-4B8E-BBBA-8290A68FD9F2}.Release|Win32.Build.0 = Release|Win32
		{A37380F9-61E0-4EB0-AC6C-55234870DE35}.Debug|Win32.ActiveCfg = Debug|Win32
		{A37380F9-61E0-4EB0-AC6C-55234870DE35}.Debug|Win32.Build.0 = Debug|Win32
		{A37380F9-61E0-4EB0-AC6C-55234870DE35}.Release|Win32.ActiveCfg = Release|Win32
		{A37380F9-61E0-4EB0-AC6C-55234870DE35}.Release|Win32.Build.0 = Release|Win32
		{D2D0823A-F1F5-4C6C-B10D-4D9CD50A5B86}.Debug|Win32.ActiveCfg = Debug|Win32
		{D2D0823A-F1F5-4C6C-B10D-4D9CD50A5B86}.Debug|Win32.Build.0 = Debug|Win32
		{D2D0823A-F1F5-4C6C-B10D-4D9CD50A5B86}.Release|Win32.ActiveCfg = Release|Win32
		{D2D0823A-F1F5-4C6C-B10D-4D9CD50A5B86}.Release|Win32.Build.0 = Release|Win32
		{2409232F-4CF1-43A4-A2E4-7E940B0CA07F}.Debug|Win32.ActiveCfg = Debug|Win32
		{2409232F-4CF1-43A4-A2E4-7E940B0CA07F}.Debug|Win32.Build.0 = Debug|Win32
		{2409232F-4CF1-43A4-A2E4-7E940B0CA07F}.Release|Win32.ActiveCfg = Release|Win32
		{2409232F-4CF1-43A4-A2E4-7E940B0CA07F}.Release|Win32.Build.0 = Release|Win32
		{24194D81-ABB5-4621-9971-C84F26EAEB4E}.Debug|Win32.ActiveCfg = Debug|Win32
		{24194D81-ABB5-4621-9971-C84F26EAEB4E}.Debug|Win32.Build.0 = Debug|Win32
		{24194D81-ABB5-4621-9971-C84F26EAEB4E}.Release|Win32.ActiveCfg = Release|Win32
		{24194D81-ABB5-4621-9971-C84F26EAEB4E}.Release|Win32.Build.0 = Release|Win32
		{50B3C5F0-BC21-4874-8836-3FD28B746784}.Debug|Win32.ActiveCfg = Debug|Win32
		{50B3C5F0-BC21-4874-8836-3FD28B746784}.Debug|Win32.Build.0 = Debug|Win32
		{50B3C5F0-BC21-4874-8836-3FD28B746784}.Release|Win32.ActiveCfg = Release|Win32
		{50B3C5F0-BC21-4874-8836-3FD28B746784}.Release|Win32.Build.0 = Release|Win32
		{76C96D50-078A-4B63-843C-23A8F4E191E4}.Debug|Win32.ActiveCfg = Debug|Win32
		{76C96D50-078A-4B63-843C-23A8F4E191E4}.Debug|Win32.Build.0 = Debug|Win32
		{76C96D50-078A-4B63-843C-23A8F4E191E4}.Release|Win32.ActiveCfg = Release|Win32
		{76C96D50-078A-4B63-843C-23A8F4E191E4}.Release|Win32.Build.0 = Release|Win32
		{4F4BEE0F-C2FA-4DA6-A053-377A9C66D158}.Debug|Win32.ActiveCfg = Debug|Win32
		{4F4BEE0F-C2FA-4DA6-A053-377A9C66D158}.Debug|Win32.Build.0 = Debug|Win32
		{4F4BEE0F-C2FA-4DA6-A053-377A9C66D158}.Release|Win32.ActiveCfg = Release|Win32
		{4F4BEE0F-C2FA-4DA6-A053-377A9C66D158}.Release|Win32.Build.0 = Release|Win32
		{D38CAF49-7623-4DD6-AF38-717C3994B03B}.Debug|Win32.ActiveCfg = Debug|Win32
		{D38CAF49-7623-4DD6-AF38-717C3994B03B}.Debug|Win32.Build.0 = Debug|Win32
		{D38CAF49-7623-4DD6-AF38-717C3994B03B}.Release|Win32.ActiveCfg = Release|Win32
		{D38CAF49-7623-4DD6-AF38-717C3994B03B}.Release|Win32.Build.0 = Release|Win32
		{89DF9110-27CB-4AB5-9F87-94F1DE233486}.Debug|Win32.ActiveCfg = Debug|Win32
		{89DF9110-27CB-4AB5-9F87-94F1DE233486}.Debug|Win32.Build.0 = Debug|Win32
		{89DF9110-27CB-4AB5-9F87-94F1DE233486}.Release|Win32.ActiveCfg = Release|Win32
		{89DF9110-27CB-4AB5-9F87-94F1DE233486}.Release|Win32.Build.0 = Release|Win32
		{5EB26BED-C930-439F-B747-138806FE6D60}.Debug|Win32.ActiveCfg = Debug|Win32
		{5EB26BED-C930-439F-B747-138806FE6D60}.Debug|Win32.Build.0 = Debug|Win32
		{5EB26BED-C930-439F-B747-138806FE6D60}.Release|Win32.ActiveCfg = Release|Win32
		{5EB26BED-C930-439F-B747-138806FE6D60}.Release|Win32.Build.0 = Release|Win32
		{5F941AC0-9B31-43C9-AEF7-591533DBC89C}.Debug|Win32.ActiveCfg = Debug|Win32
		{5F941AC0-9B31-43C9-AEF7-591533DBC89C}.Debug|Win32.Build.0 = Debug|Win32
		{5F941AC0-9B31-43C9-AEF7-591533DBC89C}.Release|Win32.ActiveCfg = Release|Win32
		{5F941AC0-9B31-43C9-AEF7-591533DBC89C}.Release|Win32.Build.0 = Release|Win32
		{727155EB-A46B-4ADD-82AA-6AC150377300}.Debug|Win32.ActiveCfg = Debug|Win32
		{727155EB-A46B-4ADD-82AA-6AC150377300}.Debug|Win32.Build.0 = Debug|Win32
		{727155EB-A46B-4ADD-82AA-6AC150377300}.Release|Win32.ActiveCfg = Release|Win32
		{727155EB-A46B-4ADD-82AA-6AC150377300}.Release|Win32.Build.0 = Release|Win32
		{CA644D23-BB1D-4AD6-948E-0AE9DEA3472E}.Debug|Win32.ActiveCfg = Debug|Win32
		{CA644D23-BB1D-4AD6-948E-0AE9DEA3472E}.Debug|Win32.Build.0 = Debug|Win32
		{CA644D23-BB1D-4AD6-948E-0AE9DEA3472E}.Release|Win32.ActiveCfg = Release|Win32
		{CA644D23-BB1D-4AD6-948E-0AE9DEA3472E}.Release|Win32.Build.0 = Release|Win32
		{B5C10630-939C-4E6D-9AD6-349C6EDAF155}.Debug|Win32.ActiveCfg = Debug|Win32
		{B5C10630-939C-4E6D-9AD6-349C6EDAF155}.Debug|Win32.Build.0 = Debug|Win32
		{B5C10630-939C-4E6D-9AD6-349C6EDAF155}.Release|Win32.ActiveCfg = Release|Win32
		{B5C10630-939C-4E6D-9AD6-349C6EDAF155}.Release|Win32.Build.0 = Release|Win32
		{137553DA-64C3-4DE0-B7B5-54D5771AD64D}.Debug|Win32.ActiveCfg = Debug|Win32
		{137553DA-64C3-4DE0-B7B5-54D5771AD64D}.Debug|Win32.Build.0 = Debug|Win32
		{137553DA-64C3-4DE0-B7B5-54D5771AD64D}.Release|Win32.ActiveCfg = Release|Win32
		{137553DA-64C3-4DE0-B7B5-54D5771AD64D}.Release|Win32.Build.0 = Release|Win32
		{01B7F5CF-0894-4361-8CE7-E8B432EB23CA}.Debug|Win32.ActiveCfg = Debug|Win32
		{01B7F5CF-0894-4361-8CE7-E8B432EB23CA}.Debug|Win32.Build.0 = Debug|Win32
		{01B7F5CF-0894-4361-8CE7-E8B432EB23CA}.Release|Win32.ActiveCfg = Release|Win32
		{01B7F5CF-0894-4361-8CE7-E8B432EB23CA}.Release|Win32.Build.0 = Release|Win32
		{6DAB04A6-0DC3-4B46-85A5-6FC1259F2ADA}.Debug|Win32.ActiveCfg = Debug|Win32
		{6DAB04A6-0DC3-4B46-85A5-6FC1259F2ADA}.Debug|Win32.Build.0 = Debug|Win32
		{6DAB04A6-0DC3-4B46-85A5-6FC1259F2ADA}.Release|Win32.ActiveCfg = Release|Win32
		{6DAB04A6-0DC3-4B46-85A5-6FC1259F2ADA}.Release|Win32.Build.0 = Release|Win32
		{3C1FEBCB-DB77-46E0-91C0-061D7699DCAE}.Debug|Win32.ActiveCfg = Debug|Win32
		{3C1FEBCB-DB77-46E0-91C0-061D7699DCAE}.Debug|Win32.Build.0 = Debug|Win32
		{3C1FEBCB-DB77-46E0-91C0-061D7699DCAE}.Release|Win32.ActiveCfg = Release|Win32
		{3C1FEBCB-DB77-46E0-91C0-061D7699DCAE}.Release|Win32.Build.0 = Release|Win32
		{C7E6E5F4-EA00-4939-87AE-835485EFC095}.Debug|Win32.ActiveCfg = Debug|Win32
		{C7E6E5F4-EA00-4939-87AE-835485EFC095}.Debug|Win32.Build.0 = Debug|Win32
		{C7E6E5F4-EA00-4939-87AE-835485EFC095}.Release|Win32.ActiveCfg = Release|Win32
		{C7E6E5F4-EA00-4939-87AE-835485EFC095}.Release|Win32.Build.0 = Release|Win32
		{52B04F58-5083-4CD7-B46A-31DD05099743}.Debug|Win32.ActiveCfg = Debug|Win32
		{52B04F58-5083-4CD7-B46A-31DD05099743}.Debug|Win32.Build.0 = Debug|Win32
		{52B04F58-5083-4CD7-B46A-31DD05099743}.Release|Win32.ActiveCfg = Release|Win32
		{52B04F58-5083-4CD7-B46A-31DD05099743}.Release|Win32.Build.0 = Release|Win32
	EndGlobalSection
	GlobalSection(SolutionProperties) = preSolution
		HideSolutionNode = FALSE
	EndGlobalSection
EndGlobal
